
Microsoft Visual Studio Solution File, Format Version 12.00
# Visual Studio Version 16
VisualStudioVersion = 16.0.31702.278
MinimumVisualStudioVersion = 10.0.40219.1
Project("{8BC9CEB8-8B4A-11D0-8D11-00A0C91BC942}") = "P1_2", "P1_2.vcxproj", "{728C7420-F2FF-4869-A39C-68FD5D77A2EF}"
EndProject
Global
	GlobalSection(SolutionConfigurationPlatforms) = preSolution
		Debug|x64 = Debug|x64
		Debug|x86 = Debug|x86
		Release|x64 = Release|x64
		Release|x86 = Release|x86
	EndGlobalSection
	GlobalSection(ProjectConfigurationPlatforms) = postSolution
		{728C7420-F2FF-4869-A39C-68FD5D77A2EF}.Debug|x64.ActiveCfg = Debug|x64
		{728C7420-F2FF-4869-A39C-68FD5D77A2EF}.Debug|x64.Build.0 = Debug|x64
		{728C7420-F2FF-4869-A39C-68FD5D77A2EF}.Debug|x86.ActiveCfg = Debug|Win32
		{728C7420-F2FF-4869-A39C-68FD5D77A2EF}.Debug|x86.Build.0 = Debug|Win32
		{728C7420-F2FF-4869-A39C-68FD5D77A2EF}.Release|x64.ActiveCfg = Release|x64
		{728C7420-F2FF-4869-A39C-68FD5D77A2EF}.Release|x64.Build.0 = Release|x64
		{728C7420-F2FF-4869-A39C-68FD5D77A2EF}.Release|x86.ActiveCfg = Release|Win32
		{728C7420-F2FF-4869-A39C-68FD5D77A2EF}.Release|x86.Build.0 = Release|Win32
	EndGlobalSection
	GlobalSection(SolutionProperties) = preSolution
		HideSolutionNode = FALSE
	EndGlobalSection
	GlobalSection(ExtensibilityGlobals) = postSolution
		SolutionGuid = {F12727F6-BBDF-41A2-BA44-C831638ECB13}
	EndGlobalSection
EndGlobal
