<?xml version="1.0" encoding="UTF-8" standalone="yes" ?>
<CodeBlocks_project_file>
	<FileVersion major="1" minor="6" />
	<Project>
		<Option title="tsp" />
		<Option pch_mode="2" />
		<Option compiler="gcc" />
		<Build>
			<Target title="Debug">
				<Option output="bin/Debug/tsp" prefix_auto="1" extension_auto="1" />
				<Option object_output="obj/Debug/" />
				<Option type="1" />
				<Option compiler="gcc" />
				<Compiler>
					<Add option="-std=c++11" />
					<Add option="-g" />
					<Add directory="C:/Users/trespa/Documents/SFML/include" />
				</Compiler>
				<Linker>
					<Add directory="C:/Users/trespa/Documents/SFML/lib" />
				</Linker>
			</Target>
			<Target title="Release">
				<Option output="bin/Release/tsp" prefix_auto="1" extension_auto="1" />
				<Option object_output="obj/Release/" />
				<Option type="1" />
				<Option compiler="gcc" />
				<Compiler>
					<Add option="-O2" />
					<Add option="-std=c++17" />
				</Compiler>
				<Linker>
					<Add option="-s" />
				</Linker>
			</Target>
		</Build>
		<Compiler>
			<Add option="-Wall" />
			<Add option="-std=c++14" />
			<Add directory="../../Bibliotecas/SFML/include" />
			<Add directory="../../Bibliotecas/TGUI/include" />
			<Add directory="../../Bibliotecas/Observador/include" />
			<Add directory="../../Bibliotecas/Generador_aleatorios/include" />
			<Add directory="../../Bibliotecas/Permutaciones/include" />
		</Compiler>
		<Linker>
			<Add library="../../Bibliotecas/TGUI/lib/libtgui.a" />
			<Add library="../../Bibliotecas/SFML/lib/libsfml-graphics.a" />
			<Add library="../../Bibliotecas/SFML/lib/libsfml-window.a" />
			<Add library="../../Bibliotecas/SFML/lib/libsfml-system.a" />
			<Add library="libcomdlg32.a" />
			<Add directory="../../Bibliotecas/SFML/lib" />
			<Add directory="../../Bibliotecas/TGUI/lib" />
		</Linker>
		<Unit filename="controlador/controlador.cpp" />
		<Unit filename="controlador/controlador.h" />
		<Unit filename="controlador/dialogo_fichero_windows.cpp" />
		<Unit filename="controlador/dialogo_fichero_windows.h" />
		<Unit filename="controlador/main.cpp" />
		<Unit filename="modelo/ciudades.cpp" />
		<Unit filename="modelo/ciudades.h" />
		<Unit filename="modelo/recocido_simulado.h" />
		<Unit filename="modelo/ruta.h" />
		<Unit filename="vista/canvas.cpp" />
		<Unit filename="vista/canvas.h" />
		<Unit filename="vista/panel.cpp" />
		<Unit filename="vista/panel.h" />
		<Unit filename="vista/vista.cpp" />
		<Unit filename="vista/vista.h" />
		<Extensions>
			<lib_finder disable_auto="1" />
		</Extensions>
	</Project>
</CodeBlocks_project_file>
